{
  "pins" : [
    {
      "identity" : "centeredcollectionview",
      "kind" : "remoteSourceControl",
      "location" : "https://github.com/BenEmdon/CenteredCollectionView",
      "state" : {
        "revision" : "f2bf371dae314b46f1bc03c222861c9fc40fff32",
        "version" : "2.2.2"
      }
    }
  ],
  "version" : 2
}
