// !$*UTF8*$!
{
	archiveVersion = 1;
	classes = {
	};
	objectVersion = 55;
	objects = {

/* Begin PBXBuildFile section */
		428364F02854D57B00D057E9 /* AppDelegate.swift in Sources */ = {isa = PBXBuildFile; fileRef = 428364EF2854D57B00D057E9 /* AppDelegate.swift */; };
		428364F22854D57B00D057E9 /* SceneDelegate.swift in Sources */ = {isa = PBXBuildFile; fileRef = 428364F12854D57B00D057E9 /* SceneDelegate.swift */; };
		428364F42854D57B00D057E9 /* ViewController.swift in Sources */ = {isa = PBXBuildFile; fileRef = 428364F32854D57B00D057E9 /* ViewController.swift */; };
		428364F72854D57B00D057E9 /* Main.storyboard in Resources */ = {isa = PBXBuildFile; fileRef = 428364F52854D57B00D057E9 /* Main.storyboard */; };
		428364FA2854D57B00D057E9 /* Mini_Challenge_2.xcdatamodeld in Sources */ = {isa = PBXBuildFile; fileRef = 428364F82854D57B00D057E9 /* Mini_Challenge_2.xcdatamodeld */; };
		428364FC2854D57C00D057E9 /* Assets.xcassets in Resources */ = {isa = PBXBuildFile; fileRef = 428364FB2854D57C00D057E9 /* Assets.xcassets */; };
		428364FF2854D57C00D057E9 /* LaunchScreen.storyboard in Resources */ = {isa = PBXBuildFile; fileRef = 428364FD2854D57C00D057E9 /* LaunchScreen.storyboard */; };
		428B6D64286504D300F2B846 /* BackProfile.swift in Sources */ = {isa = PBXBuildFile; fileRef = 428B6D60286504D300F2B846 /* BackProfile.swift */; };
		428B6D65286504D300F2B846 /* ProfileViewController.swift in Sources */ = {isa = PBXBuildFile; fileRef = 428B6D61286504D300F2B846 /* ProfileViewController.swift */; };
		428B6D66286504D300F2B846 /* Profile.storyboard in Resources */ = {isa = PBXBuildFile; fileRef = 428B6D63286504D300F2B846 /* Profile.storyboard */; };
		42EA54D1285FBA8C00C87662 /* RestaurantTableViewCell.swift in Sources */ = {isa = PBXBuildFile; fileRef = 42EA54CD285FBA8C00C87662 /* RestaurantTableViewCell.swift */; };
		42EA54D2285FBA8C00C87662 /* RestaurantTableViewCell.xib in Resources */ = {isa = PBXBuildFile; fileRef = 42EA54CE285FBA8C00C87662 /* RestaurantTableViewCell.xib */; };
		42EA54D3285FBA8C00C87662 /* Explore.storyboard in Resources */ = {isa = PBXBuildFile; fileRef = 42EA54CF285FBA8C00C87662 /* Explore.storyboard */; };
		42EA54D4285FBA8C00C87662 /* ExploreViewController.swift in Sources */ = {isa = PBXBuildFile; fileRef = 42EA54D0285FBA8C00C87662 /* ExploreViewController.swift */; };
		431E18472862C0B300EABE9A /* Review.storyboard in Resources */ = {isa = PBXBuildFile; fileRef = 431E18462862C0B300EABE9A /* Review.storyboard */; };
		431E184A2862C1B400EABE9A /* Users+CoreDataClass.swift in Sources */ = {isa = PBXBuildFile; fileRef = 431E18482862C1B400EABE9A /* Users+CoreDataClass.swift */; };
		431E184B2862C1B400EABE9A /* Users+CoreDataProperties.swift in Sources */ = {isa = PBXBuildFile; fileRef = 431E18492862C1B400EABE9A /* Users+CoreDataProperties.swift */; };
		431E184D2862C7C600EABE9A /* ReviewTableViewCell.swift in Sources */ = {isa = PBXBuildFile; fileRef = 431E184C2862C7C600EABE9A /* ReviewTableViewCell.swift */; };
		431E184F2862D42B00EABE9A /* ReviewViewController.swift in Sources */ = {isa = PBXBuildFile; fileRef = 431E184E2862D42B00EABE9A /* ReviewViewController.swift */; };
		431E18542863D20500EABE9A /* Filter.storyboard in Resources */ = {isa = PBXBuildFile; fileRef = 431E18532863D20500EABE9A /* Filter.storyboard */; };
		431E18562863D5CF00EABE9A /* FilterViewController.swift in Sources */ = {isa = PBXBuildFile; fileRef = 431E18552863D5CF00EABE9A /* FilterViewController.swift */; };
		4326F87C285865BE0095665D /* FavoriteTableViewCell.swift in Sources */ = {isa = PBXBuildFile; fileRef = 4326F87B285865BE0095665D /* FavoriteTableViewCell.swift */; };
		4326F87E285A19F90095665D /* FavoriteViewController.swift in Sources */ = {isa = PBXBuildFile; fileRef = 4326F87D285A19F90095665D /* FavoriteViewController.swift */; };
		436636A128559DCF00808306 /* Menus+CoreDataClass.swift in Sources */ = {isa = PBXBuildFile; fileRef = 4366369F28559DCF00808306 /* Menus+CoreDataClass.swift */; };
		436636A228559DCF00808306 /* Menus+CoreDataProperties.swift in Sources */ = {isa = PBXBuildFile; fileRef = 436636A028559DCF00808306 /* Menus+CoreDataProperties.swift */; };
		437454D9285CC222006403EC /* .gitignore in Resources */ = {isa = PBXBuildFile; fileRef = 437454D8285CC222006403EC /* .gitignore */; };
		43AD34212862A8AC00B329E1 /* Restaurants+CoreDataClass.swift in Sources */ = {isa = PBXBuildFile; fileRef = 43AD341B2862A8AC00B329E1 /* Restaurants+CoreDataClass.swift */; };
		43AD34222862A8AC00B329E1 /* Restaurants+CoreDataProperties.swift in Sources */ = {isa = PBXBuildFile; fileRef = 43AD341C2862A8AC00B329E1 /* Restaurants+CoreDataProperties.swift */; };
		43AD34232862A8AC00B329E1 /* Reviews+CoreDataClass.swift in Sources */ = {isa = PBXBuildFile; fileRef = 43AD341D2862A8AC00B329E1 /* Reviews+CoreDataClass.swift */; };
		43AD34242862A8AC00B329E1 /* Reviews+CoreDataProperties.swift in Sources */ = {isa = PBXBuildFile; fileRef = 43AD341E2862A8AC00B329E1 /* Reviews+CoreDataProperties.swift */; };
		43BD12E8286186EC002EA86A /* Location.storyboard in Resources */ = {isa = PBXBuildFile; fileRef = 43BD12E7286186EC002EA86A /* Location.storyboard */; };
		43BD12EA28618873002EA86A /* LocationTableViewCell.swift in Sources */ = {isa = PBXBuildFile; fileRef = 43BD12E928618873002EA86A /* LocationTableViewCell.swift */; };
		43BD12EE28618E4B002EA86A /* LocationViewController.swift in Sources */ = {isa = PBXBuildFile; fileRef = 43BD12ED28618E4B002EA86A /* LocationViewController.swift */; };
		43C5043528559ECA00F1C815 /* DataSeeder.swift in Sources */ = {isa = PBXBuildFile; fileRef = 43C5043428559ECA00F1C815 /* DataSeeder.swift */; };
		43C504442856204000F1C815 /* Favorite.storyboard in Resources */ = {isa = PBXBuildFile; fileRef = 43C504432856204000F1C815 /* Favorite.storyboard */; };
		43C5044F2856264E00F1C815 /* SearchBar.swift in Sources */ = {isa = PBXBuildFile; fileRef = 43C5044E2856264E00F1C815 /* SearchBar.swift */; };
		43C5045328562EAE00F1C815 /* Restaurants+CoreDataProperties.swift in Sources */ = {isa = PBXBuildFile; fileRef = 43C5045128562EAE00F1C815 /* Restaurants+CoreDataProperties.swift */; };
		4A160533285CA0F7003C1434 /* DetailPage.storyboard in Resources */ = {isa = PBXBuildFile; fileRef = 4A160532285CA0F7003C1434 /* DetailPage.storyboard */; };
		4A76EBC62860B320003D869F /* AddReviewPage.storyboard in Resources */ = {isa = PBXBuildFile; fileRef = 4A76EBC52860B320003D869F /* AddReviewPage.storyboard */; };
		4A76EBCC2860B984003D869F /* RatingController.swift in Sources */ = {isa = PBXBuildFile; fileRef = 4A76EBCB2860B984003D869F /* RatingController.swift */; };
		4A76EBD02860C4A5003D869F /* AddReviewViewController.swift in Sources */ = {isa = PBXBuildFile; fileRef = 4A76EBCF2860C4A5003D869F /* AddReviewViewController.swift */; };
		4A76EBD2286219FB003D869F /* PortraitCollectionViewCell.swift in Sources */ = {isa = PBXBuildFile; fileRef = 4A76EBD1286219FB003D869F /* PortraitCollectionViewCell.swift */; };
		4A76EBD42862CB05003D869F /* CollectionViewController.swift in Sources */ = {isa = PBXBuildFile; fileRef = 4A76EBD32862CB05003D869F /* CollectionViewController.swift */; };
		4ACFCC672858D92E00BE1E52 /* CenteredCollectionView in Frameworks */ = {isa = PBXBuildFile; productRef = 4ACFCC662858D92E00BE1E52 /* CenteredCollectionView */; };
		4ACFCC6D2858E06A00BE1E52 /* DetailViewController.swift in Sources */ = {isa = PBXBuildFile; fileRef = 4ACFCC6C2858E06A00BE1E52 /* DetailViewController.swift */; };
/* End PBXBuildFile section */

/* Begin PBXFileReference section */
		428364EC2854D57B00D057E9 /* Mini_Challenge_2.app */ = {isa = PBXFileReference; explicitFileType = wrapper.application; includeInIndex = 0; path = Mini_Challenge_2.app; sourceTree = BUILT_PRODUCTS_DIR; };
		428364EF2854D57B00D057E9 /* AppDelegate.swift */ = {isa = PBXFileReference; lastKnownFileType = sourcecode.swift; path = AppDelegate.swift; sourceTree = "<group>"; };
		428364F12854D57B00D057E9 /* SceneDelegate.swift */ = {isa = PBXFileReference; lastKnownFileType = sourcecode.swift; path = SceneDelegate.swift; sourceTree = "<group>"; };
		428364F32854D57B00D057E9 /* ViewController.swift */ = {isa = PBXFileReference; lastKnownFileType = sourcecode.swift; path = ViewController.swift; sourceTree = "<group>"; };
		428364F62854D57B00D057E9 /* Base */ = {isa = PBXFileReference; lastKnownFileType = file.storyboard; name = Base; path = Base.lproj/Main.storyboard; sourceTree = "<group>"; };
		428364F92854D57B00D057E9 /* Mini_Challenge_2.xcdatamodel */ = {isa = PBXFileReference; lastKnownFileType = wrapper.xcdatamodel; path = Mini_Challenge_2.xcdatamodel; sourceTree = "<group>"; };
		428364FB2854D57C00D057E9 /* Assets.xcassets */ = {isa = PBXFileReference; lastKnownFileType = folder.assetcatalog; path = Assets.xcassets; sourceTree = "<group>"; };
		428364FE2854D57C00D057E9 /* Base */ = {isa = PBXFileReference; lastKnownFileType = file.storyboard; name = Base; path = Base.lproj/LaunchScreen.storyboard; sourceTree = "<group>"; };
		428365002854D57C00D057E9 /* Info.plist */ = {isa = PBXFileReference; lastKnownFileType = text.plist.xml; path = Info.plist; sourceTree = "<group>"; };
		428B6D60286504D300F2B846 /* BackProfile.swift */ = {isa = PBXFileReference; fileEncoding = 4; lastKnownFileType = sourcecode.swift; path = BackProfile.swift; sourceTree = "<group>"; };
		428B6D61286504D300F2B846 /* ProfileViewController.swift */ = {isa = PBXFileReference; fileEncoding = 4; lastKnownFileType = sourcecode.swift; path = ProfileViewController.swift; sourceTree = "<group>"; };
		428B6D63286504D300F2B846 /* Profile.storyboard */ = {isa = PBXFileReference; fileEncoding = 4; lastKnownFileType = file.storyboard; path = Profile.storyboard; sourceTree = "<group>"; };
		42EA54CD285FBA8C00C87662 /* RestaurantTableViewCell.swift */ = {isa = PBXFileReference; fileEncoding = 4; lastKnownFileType = sourcecode.swift; path = RestaurantTableViewCell.swift; sourceTree = "<group>"; };
		42EA54CE285FBA8C00C87662 /* RestaurantTableViewCell.xib */ = {isa = PBXFileReference; fileEncoding = 4; lastKnownFileType = file.xib; path = RestaurantTableViewCell.xib; sourceTree = "<group>"; };
		42EA54CF285FBA8C00C87662 /* Explore.storyboard */ = {isa = PBXFileReference; fileEncoding = 4; lastKnownFileType = file.storyboard; path = Explore.storyboard; sourceTree = "<group>"; };
		42EA54D0285FBA8C00C87662 /* ExploreViewController.swift */ = {isa = PBXFileReference; fileEncoding = 4; lastKnownFileType = sourcecode.swift; path = ExploreViewController.swift; sourceTree = "<group>"; };
		431E18462862C0B300EABE9A /* Review.storyboard */ = {isa = PBXFileReference; lastKnownFileType = file.storyboard; path = Review.storyboard; sourceTree = "<group>"; };
		431E18482862C1B400EABE9A /* Users+CoreDataClass.swift */ = {isa = PBXFileReference; lastKnownFileType = sourcecode.swift; path = "Users+CoreDataClass.swift"; sourceTree = "<group>"; };
		431E18492862C1B400EABE9A /* Users+CoreDataProperties.swift */ = {isa = PBXFileReference; lastKnownFileType = sourcecode.swift; path = "Users+CoreDataProperties.swift"; sourceTree = "<group>"; };
		431E184C2862C7C600EABE9A /* ReviewTableViewCell.swift */ = {isa = PBXFileReference; lastKnownFileType = sourcecode.swift; path = ReviewTableViewCell.swift; sourceTree = "<group>"; };
		431E184E2862D42B00EABE9A /* ReviewViewController.swift */ = {isa = PBXFileReference; lastKnownFileType = sourcecode.swift; path = ReviewViewController.swift; sourceTree = "<group>"; };
		431E18532863D20500EABE9A /* Filter.storyboard */ = {isa = PBXFileReference; lastKnownFileType = file.storyboard; path = Filter.storyboard; sourceTree = "<group>"; };
		431E18552863D5CF00EABE9A /* FilterViewController.swift */ = {isa = PBXFileReference; lastKnownFileType = sourcecode.swift; path = FilterViewController.swift; sourceTree = "<group>"; };
		4326F87B285865BE0095665D /* FavoriteTableViewCell.swift */ = {isa = PBXFileReference; lastKnownFileType = sourcecode.swift; path = FavoriteTableViewCell.swift; sourceTree = "<group>"; };
		4326F87D285A19F90095665D /* FavoriteViewController.swift */ = {isa = PBXFileReference; lastKnownFileType = sourcecode.swift; path = FavoriteViewController.swift; sourceTree = "<group>"; };
		433E0339285F1FDB001D611C /* OpenMapsDirections.swift */ = {isa = PBXFileReference; lastKnownFileType = sourcecode.swift; path = OpenMapsDirections.swift; sourceTree = "<group>"; };
		4366369F28559DCF00808306 /* Menus+CoreDataClass.swift */ = {isa = PBXFileReference; lastKnownFileType = sourcecode.swift; name = "Menus+CoreDataClass.swift"; path = "Mini_Challenge_2/Model/Menus+CoreDataClass.swift"; sourceTree = SOURCE_ROOT; };
		436636A028559DCF00808306 /* Menus+CoreDataProperties.swift */ = {isa = PBXFileReference; lastKnownFileType = sourcecode.swift; name = "Menus+CoreDataProperties.swift"; path = "Mini_Challenge_2/Model/Menus+CoreDataProperties.swift"; sourceTree = SOURCE_ROOT; };
		437454D8285CC222006403EC /* .gitignore */ = {isa = PBXFileReference; lastKnownFileType = text; path = .gitignore; sourceTree = "<group>"; };
		43AD341B2862A8AC00B329E1 /* Restaurants+CoreDataClass.swift */ = {isa = PBXFileReference; lastKnownFileType = sourcecode.swift; name = "Restaurants+CoreDataClass.swift"; path = "Mini_Challenge_2/Model/Restaurants+CoreDataClass.swift"; sourceTree = SOURCE_ROOT; };
		43AD341C2862A8AC00B329E1 /* Restaurants+CoreDataProperties.swift */ = {isa = PBXFileReference; lastKnownFileType = sourcecode.swift; name = "Restaurants+CoreDataProperties.swift"; path = "Mini_Challenge_2/Model/Restaurants+CoreDataProperties.swift"; sourceTree = SOURCE_ROOT; };
		43AD341D2862A8AC00B329E1 /* Reviews+CoreDataClass.swift */ = {isa = PBXFileReference; lastKnownFileType = sourcecode.swift; name = "Reviews+CoreDataClass.swift"; path = "Mini_Challenge_2/Model/Reviews+CoreDataClass.swift"; sourceTree = SOURCE_ROOT; };
		43AD341E2862A8AC00B329E1 /* Reviews+CoreDataProperties.swift */ = {isa = PBXFileReference; lastKnownFileType = sourcecode.swift; name = "Reviews+CoreDataProperties.swift"; path = "Mini_Challenge_2/Model/Reviews+CoreDataProperties.swift"; sourceTree = SOURCE_ROOT; };
		43BD12E7286186EC002EA86A /* Location.storyboard */ = {isa = PBXFileReference; lastKnownFileType = file.storyboard; path = Location.storyboard; sourceTree = "<group>"; };
		43BD12E928618873002EA86A /* LocationTableViewCell.swift */ = {isa = PBXFileReference; lastKnownFileType = sourcecode.swift; path = LocationTableViewCell.swift; sourceTree = "<group>"; };
		43BD12ED28618E4B002EA86A /* LocationViewController.swift */ = {isa = PBXFileReference; lastKnownFileType = sourcecode.swift; path = LocationViewController.swift; sourceTree = "<group>"; };
		43C5043428559ECA00F1C815 /* DataSeeder.swift */ = {isa = PBXFileReference; lastKnownFileType = sourcecode.swift; path = DataSeeder.swift; sourceTree = "<group>"; };
		43C504432856204000F1C815 /* Favorite.storyboard */ = {isa = PBXFileReference; lastKnownFileType = file.storyboard; path = Favorite.storyboard; sourceTree = "<group>"; };
		43C5044E2856264E00F1C815 /* SearchBar.swift */ = {isa = PBXFileReference; lastKnownFileType = sourcecode.swift; path = SearchBar.swift; sourceTree = "<group>"; };
		43C5045128562EAE00F1C815 /* Restaurants+CoreDataProperties.swift */ = {isa = PBXFileReference; lastKnownFileType = sourcecode.swift; name = "Restaurants+CoreDataProperties.swift"; path = "Mini_Challenge_2/Model/Restaurants+CoreDataProperties.swift"; sourceTree = SOURCE_ROOT; };
		4A160532285CA0F7003C1434 /* DetailPage.storyboard */ = {isa = PBXFileReference; fileEncoding = 4; lastKnownFileType = file.storyboard; path = DetailPage.storyboard; sourceTree = "<group>"; };
		4A76EBC52860B320003D869F /* AddReviewPage.storyboard */ = {isa = PBXFileReference; lastKnownFileType = file.storyboard; path = AddReviewPage.storyboard; sourceTree = "<group>"; };
		4A76EBCB2860B984003D869F /* RatingController.swift */ = {isa = PBXFileReference; lastKnownFileType = sourcecode.swift; path = RatingController.swift; sourceTree = "<group>"; };
		4A76EBCF2860C4A5003D869F /* AddReviewViewController.swift */ = {isa = PBXFileReference; lastKnownFileType = sourcecode.swift; path = AddReviewViewController.swift; sourceTree = "<group>"; };
		4A76EBD1286219FB003D869F /* PortraitCollectionViewCell.swift */ = {isa = PBXFileReference; lastKnownFileType = sourcecode.swift; path = PortraitCollectionViewCell.swift; sourceTree = "<group>"; };
		4A76EBD32862CB05003D869F /* CollectionViewController.swift */ = {isa = PBXFileReference; lastKnownFileType = sourcecode.swift; path = CollectionViewController.swift; sourceTree = "<group>"; };
		4ACFCC6C2858E06A00BE1E52 /* DetailViewController.swift */ = {isa = PBXFileReference; lastKnownFileType = sourcecode.swift; path = DetailViewController.swift; sourceTree = "<group>"; };
		E1A405FC28616EEE00D47D9D /* Profile.storyboard */ = {isa = PBXFileReference; lastKnownFileType = file.storyboard; path = Profile.storyboard; sourceTree = "<group>"; };
/* End PBXFileReference section */

/* Begin PBXFrameworksBuildPhase section */
		428364E92854D57B00D057E9 /* Frameworks */ = {
			isa = PBXFrameworksBuildPhase;
			buildActionMask = 2147483647;
			files = (
				4ACFCC672858D92E00BE1E52 /* CenteredCollectionView in Frameworks */,
			);
			runOnlyForDeploymentPostprocessing = 0;
		};
/* End PBXFrameworksBuildPhase section */

/* Begin PBXGroup section */
		423BAC77286501C90074C8A2 /* Recovered References */ = {
			isa = PBXGroup;
			children = (
				43C5045128562EAE00F1C815 /* Restaurants+CoreDataProperties.swift */,
				E1A405FC28616EEE00D47D9D /* Profile.storyboard */,
			);
			name = "Recovered References";
			sourceTree = "<group>";
		};
		428364E32854D57B00D057E9 = {
			isa = PBXGroup;
			children = (
				437454D8285CC222006403EC /* .gitignore */,
				428364EE2854D57B00D057E9 /* Mini_Challenge_2 */,
				428364ED2854D57B00D057E9 /* Products */,
				423BAC77286501C90074C8A2 /* Recovered References */,
			);
			sourceTree = "<group>";
		};
		428364ED2854D57B00D057E9 /* Products */ = {
			isa = PBXGroup;
			children = (
				428364EC2854D57B00D057E9 /* Mini_Challenge_2.app */,
			);
			name = Products;
			sourceTree = "<group>";
		};
		428364EE2854D57B00D057E9 /* Mini_Challenge_2 */ = {
			isa = PBXGroup;
			children = (
				43C504362855EA9100F1C815 /* Model */,
				428364EF2854D57B00D057E9 /* AppDelegate.swift */,
				43C504372855EAB100F1C815 /* Helper */,
				428364F12854D57B00D057E9 /* SceneDelegate.swift */,
				43C5043A28561EF600F1C815 /* Pages */,
				428364FB2854D57C00D057E9 /* Assets.xcassets */,
				43C504452856218800F1C815 /* Themes */,
				428364FD2854D57C00D057E9 /* LaunchScreen.storyboard */,
				428365002854D57C00D057E9 /* Info.plist */,
				428364F82854D57B00D057E9 /* Mini_Challenge_2.xcdatamodeld */,
			);
			path = Mini_Challenge_2;
			sourceTree = "<group>";
		};
		428661BC285FA88B00FE499C /* Explore */ = {
			isa = PBXGroup;
			children = (
				42EA54CC285FBA8C00C87662 /* Cell */,
				42EA54CF285FBA8C00C87662 /* Explore.storyboard */,
				42EA54D0285FBA8C00C87662 /* ExploreViewController.swift */,
			);
			path = Explore;
			sourceTree = "<group>";
		};
		428B6D5E286504D300F2B846 /* Profile */ = {
			isa = PBXGroup;
			children = (
				428B6D5F286504D300F2B846 /* Controller */,
				428B6D62286504D300F2B846 /* View */,
			);
			path = Profile;
			sourceTree = "<group>";
		};
		428B6D5F286504D300F2B846 /* Controller */ = {
			isa = PBXGroup;
			children = (
				428B6D60286504D300F2B846 /* BackProfile.swift */,
				428B6D61286504D300F2B846 /* ProfileViewController.swift */,
			);
			path = Controller;
			sourceTree = "<group>";
		};
		428B6D62286504D300F2B846 /* View */ = {
			isa = PBXGroup;
			children = (
				428B6D63286504D300F2B846 /* Profile.storyboard */,
			);
			path = View;
			sourceTree = "<group>";
		};
		42EA54CC285FBA8C00C87662 /* Cell */ = {
			isa = PBXGroup;
			children = (
				42EA54CD285FBA8C00C87662 /* RestaurantTableViewCell.swift */,
				42EA54CE285FBA8C00C87662 /* RestaurantTableViewCell.xib */,
			);
			path = Cell;
			sourceTree = "<group>";
		};
		431E18432862BED300EABE9A /* Review */ = {
			isa = PBXGroup;
			children = (
				431E18452862BEE200EABE9A /* Controller */,
				431E18442862BEDB00EABE9A /* View */,
			);
			path = Review;
			sourceTree = "<group>";
		};
		431E18442862BEDB00EABE9A /* View */ = {
			isa = PBXGroup;
			children = (
				431E18462862C0B300EABE9A /* Review.storyboard */,
			);
			path = View;
			sourceTree = "<group>";
		};
		431E18452862BEE200EABE9A /* Controller */ = {
			isa = PBXGroup;
			children = (
				431E184C2862C7C600EABE9A /* ReviewTableViewCell.swift */,
				431E184E2862D42B00EABE9A /* ReviewViewController.swift */,
			);
			path = Controller;
			sourceTree = "<group>";
		};
		431E18502863D1DD00EABE9A /* Filter */ = {
			isa = PBXGroup;
			children = (
				431E18522863D1ED00EABE9A /* Controller */,
				431E18512863D1E700EABE9A /* View */,
			);
			path = Filter;
			sourceTree = "<group>";
		};
		431E18512863D1E700EABE9A /* View */ = {
			isa = PBXGroup;
			children = (
				431E18532863D20500EABE9A /* Filter.storyboard */,
			);
			path = View;
			sourceTree = "<group>";
		};
		431E18522863D1ED00EABE9A /* Controller */ = {
			isa = PBXGroup;
			children = (
				431E18552863D5CF00EABE9A /* FilterViewController.swift */,
			);
			path = Controller;
			sourceTree = "<group>";
		};
		43BD12E4286184DA002EA86A /* Location */ = {
			isa = PBXGroup;
			children = (
				43BD12E6286184F2002EA86A /* Controller */,
				43BD12E5286184E5002EA86A /* View */,
			);
			path = Location;
			sourceTree = "<group>";
		};
		43BD12E5286184E5002EA86A /* View */ = {
			isa = PBXGroup;
			children = (
				43BD12E7286186EC002EA86A /* Location.storyboard */,
			);
			path = View;
			sourceTree = "<group>";
		};
		43BD12E6286184F2002EA86A /* Controller */ = {
			isa = PBXGroup;
			children = (
				43BD12E928618873002EA86A /* LocationTableViewCell.swift */,
				43BD12ED28618E4B002EA86A /* LocationViewController.swift */,
			);
			path = Controller;
			sourceTree = "<group>";
		};
		43C504362855EA9100F1C815 /* Model */ = {
			isa = PBXGroup;
			children = (
				4366369F28559DCF00808306 /* Menus+CoreDataClass.swift */,
				436636A028559DCF00808306 /* Menus+CoreDataProperties.swift */,
				431E18482862C1B400EABE9A /* Users+CoreDataClass.swift */,
				431E18492862C1B400EABE9A /* Users+CoreDataProperties.swift */,
				43AD341B2862A8AC00B329E1 /* Restaurants+CoreDataClass.swift */,
				43AD341C2862A8AC00B329E1 /* Restaurants+CoreDataProperties.swift */,
				43AD341D2862A8AC00B329E1 /* Reviews+CoreDataClass.swift */,
				43AD341E2862A8AC00B329E1 /* Reviews+CoreDataProperties.swift */,
			);
			path = Model;
			sourceTree = "<group>";
		};
		43C504372855EAB100F1C815 /* Helper */ = {
			isa = PBXGroup;
			children = (
				43C5043428559ECA00F1C815 /* DataSeeder.swift */,
				433E0339285F1FDB001D611C /* OpenMapsDirections.swift */,
			);
			path = Helper;
			sourceTree = "<group>";
		};
		43C5043A28561EF600F1C815 /* Pages */ = {
			isa = PBXGroup;
			children = (
				428B6D5E286504D300F2B846 /* Profile */,
				428661BC285FA88B00FE499C /* Explore */,
				431E18502863D1DD00EABE9A /* Filter */,
				431E18432862BED300EABE9A /* Review */,
				43BD12E4286184DA002EA86A /* Location */,
				4A76EBC42860B2E3003D869F /* Add_Review_Page */,
				4ACFCC602858D2C200BE1E52 /* Detail_Restaurant */,
				43C5043C28561F7C00F1C815 /* Favorite */,
				428364F32854D57B00D057E9 /* ViewController.swift */,
				428364F52854D57B00D057E9 /* Main.storyboard */,
			);
			path = Pages;
			sourceTree = "<group>";
		};
		43C5043C28561F7C00F1C815 /* Favorite */ = {
			isa = PBXGroup;
			children = (
				43C5043E28561F8D00F1C815 /* View */,
				43C5043D28561F8600F1C815 /* Controller */,
			);
			path = Favorite;
			sourceTree = "<group>";
		};
		43C5043D28561F8600F1C815 /* Controller */ = {
			isa = PBXGroup;
			children = (
				4326F87D285A19F90095665D /* FavoriteViewController.swift */,
				4326F87B285865BE0095665D /* FavoriteTableViewCell.swift */,
			);
			path = Controller;
			sourceTree = "<group>";
		};
		43C5043E28561F8D00F1C815 /* View */ = {
			isa = PBXGroup;
			children = (
				43C504432856204000F1C815 /* Favorite.storyboard */,
			);
			path = View;
			sourceTree = "<group>";
		};
		43C504452856218800F1C815 /* Themes */ = {
			isa = PBXGroup;
			children = (
				43C504492856220800F1C815 /* UI */,
			);
			path = Themes;
			sourceTree = "<group>";
		};
		43C504492856220800F1C815 /* UI */ = {
			isa = PBXGroup;
			children = (
				43C5044E2856264E00F1C815 /* SearchBar.swift */,
			);
			path = UI;
			sourceTree = "<group>";
		};
		4A160534285CA1A3003C1434 /* Maps */ = {
			isa = PBXGroup;
			children = (
			);
			path = Maps;
			sourceTree = "<group>";
		};
		4A160537285CA327003C1434 /* CollectionViewCell */ = {
			isa = PBXGroup;
			children = (
				4A76EBD1286219FB003D869F /* PortraitCollectionViewCell.swift */,
				4A76EBD32862CB05003D869F /* CollectionViewController.swift */,
			);
			path = CollectionViewCell;
			sourceTree = "<group>";
		};
		4A76EBC42860B2E3003D869F /* Add_Review_Page */ = {
			isa = PBXGroup;
			children = (
				4A76EBC82860B44B003D869F /* Controller */,
				4A76EBC72860B43D003D869F /* View */,
			);
			path = Add_Review_Page;
			sourceTree = "<group>";
		};
		4A76EBC72860B43D003D869F /* View */ = {
			isa = PBXGroup;
			children = (
				4A76EBC52860B320003D869F /* AddReviewPage.storyboard */,
			);
			path = View;
			sourceTree = "<group>";
		};
		4A76EBC82860B44B003D869F /* Controller */ = {
			isa = PBXGroup;
			children = (
				4A76EBCB2860B984003D869F /* RatingController.swift */,
				4A76EBCF2860C4A5003D869F /* AddReviewViewController.swift */,
			);
			path = Controller;
			sourceTree = "<group>";
		};
		4ACFCC602858D2C200BE1E52 /* Detail_Restaurant */ = {
			isa = PBXGroup;
			children = (
				4A160537285CA327003C1434 /* CollectionViewCell */,
				4A160534285CA1A3003C1434 /* Maps */,
				4ACFCC622858D2DF00BE1E52 /* Controller */,
				4ACFCC612858D2D200BE1E52 /* View */,
			);
			path = Detail_Restaurant;
			sourceTree = "<group>";
		};
		4ACFCC612858D2D200BE1E52 /* View */ = {
			isa = PBXGroup;
			children = (
				4A160532285CA0F7003C1434 /* DetailPage.storyboard */,
			);
			path = View;
			sourceTree = "<group>";
		};
		4ACFCC622858D2DF00BE1E52 /* Controller */ = {
			isa = PBXGroup;
			children = (
				4ACFCC6C2858E06A00BE1E52 /* DetailViewController.swift */,
			);
			path = Controller;
			sourceTree = "<group>";
		};
/* End PBXGroup section */

/* Begin PBXNativeTarget section */
		428364EB2854D57B00D057E9 /* Mini_Challenge_2 */ = {
			isa = PBXNativeTarget;
			buildConfigurationList = 428365032854D57C00D057E9 /* Build configuration list for PBXNativeTarget "Mini_Challenge_2" */;
			buildPhases = (
				428364E82854D57B00D057E9 /* Sources */,
				428364E92854D57B00D057E9 /* Frameworks */,
				428364EA2854D57B00D057E9 /* Resources */,
			);
			buildRules = (
			);
			dependencies = (
			);
			name = Mini_Challenge_2;
			packageProductDependencies = (
				4ACFCC662858D92E00BE1E52 /* CenteredCollectionView */,
			);
			productName = Mini_Challenge_2;
			productReference = 428364EC2854D57B00D057E9 /* Mini_Challenge_2.app */;
			productType = "com.apple.product-type.application";
		};
/* End PBXNativeTarget section */

/* Begin PBXProject section */
		428364E42854D57B00D057E9 /* Project object */ = {
			isa = PBXProject;
			attributes = {
				BuildIndependentTargetsInParallel = 1;
				LastSwiftUpdateCheck = 1330;
				LastUpgradeCheck = 1330;
				TargetAttributes = {
					428364EB2854D57B00D057E9 = {
						CreatedOnToolsVersion = 13.3;
					};
				};
			};
			buildConfigurationList = 428364E72854D57B00D057E9 /* Build configuration list for PBXProject "Mini_Challenge_2" */;
			compatibilityVersion = "Xcode 13.0";
			developmentRegion = en;
			hasScannedForEncodings = 0;
			knownRegions = (
				en,
				Base,
			);
			mainGroup = 428364E32854D57B00D057E9;
			packageReferences = (
				4ACFCC652858D92E00BE1E52 /* XCRemoteSwiftPackageReference "CenteredCollectionView" */,
			);
			productRefGroup = 428364ED2854D57B00D057E9 /* Products */;
			projectDirPath = "";
			projectRoot = "";
			targets = (
				428364EB2854D57B00D057E9 /* Mini_Challenge_2 */,
			);
		};
/* End PBXProject section */

/* Begin PBXResourcesBuildPhase section */
		428364EA2854D57B00D057E9 /* Resources */ = {
			isa = PBXResourcesBuildPhase;
			buildActionMask = 2147483647;
			files = (
				42EA54D3285FBA8C00C87662 /* Explore.storyboard in Resources */,
				437454D9285CC222006403EC /* .gitignore in Resources */,
				4A76EBC62860B320003D869F /* AddReviewPage.storyboard in Resources */,
				428364FF2854D57C00D057E9 /* LaunchScreen.storyboard in Resources */,
				428364FC2854D57C00D057E9 /* Assets.xcassets in Resources */,
				43BD12E8286186EC002EA86A /* Location.storyboard in Resources */,
				43C504442856204000F1C815 /* Favorite.storyboard in Resources */,
				42EA54D2285FBA8C00C87662 /* RestaurantTableViewCell.xib in Resources */,
				4A160533285CA0F7003C1434 /* DetailPage.storyboard in Resources */,
				428364F72854D57B00D057E9 /* Main.storyboard in Resources */,
				431E18542863D20500EABE9A /* Filter.storyboard in Resources */,
				428B6D66286504D300F2B846 /* Profile.storyboard in Resources */,
				431E18472862C0B300EABE9A /* Review.storyboard in Resources */,
			);
			runOnlyForDeploymentPostprocessing = 0;
		};
/* End PBXResourcesBuildPhase section */

/* Begin PBXSourcesBuildPhase section */
		428364E82854D57B00D057E9 /* Sources */ = {
			isa = PBXSourcesBuildPhase;
			buildActionMask = 2147483647;
			files = (
				4A76EBD42862CB05003D869F /* CollectionViewController.swift in Sources */,
				4ACFCC6D2858E06A00BE1E52 /* DetailViewController.swift in Sources */,
				4A76EBD02860C4A5003D869F /* AddReviewViewController.swift in Sources */,
				428364F42854D57B00D057E9 /* ViewController.swift in Sources */,
				43AD34242862A8AC00B329E1 /* Reviews+CoreDataProperties.swift in Sources */,
				431E184F2862D42B00EABE9A /* ReviewViewController.swift in Sources */,
				4A76EBCC2860B984003D869F /* RatingController.swift in Sources */,
				43C5044F2856264E00F1C815 /* SearchBar.swift in Sources */,
				431E184B2862C1B400EABE9A /* Users+CoreDataProperties.swift in Sources */,
				43AD34222862A8AC00B329E1 /* Restaurants+CoreDataProperties.swift in Sources */,
				436636A128559DCF00808306 /* Menus+CoreDataClass.swift in Sources */,
				428364FA2854D57B00D057E9 /* Mini_Challenge_2.xcdatamodeld in Sources */,
				428B6D65286504D300F2B846 /* ProfileViewController.swift in Sources */,
				428B6D64286504D300F2B846 /* BackProfile.swift in Sources */,
				43BD12EE28618E4B002EA86A /* LocationViewController.swift in Sources */,
				428364F02854D57B00D057E9 /* AppDelegate.swift in Sources */,
				4326F87C285865BE0095665D /* FavoriteTableViewCell.swift in Sources */,
				43C5043528559ECA00F1C815 /* DataSeeder.swift in Sources */,
				4326F87E285A19F90095665D /* FavoriteViewController.swift in Sources */,
				43BD12EA28618873002EA86A /* LocationTableViewCell.swift in Sources */,
				43AD34232862A8AC00B329E1 /* Reviews+CoreDataClass.swift in Sources */,
				43AD34212862A8AC00B329E1 /* Restaurants+CoreDataClass.swift in Sources */,
				431E18562863D5CF00EABE9A /* FilterViewController.swift in Sources */,
				436636A228559DCF00808306 /* Menus+CoreDataProperties.swift in Sources */,
				42EA54D4285FBA8C00C87662 /* ExploreViewController.swift in Sources */,
				4A76EBD2286219FB003D869F /* PortraitCollectionViewCell.swift in Sources */,
				43C5045328562EAE00F1C815 /* Restaurants+CoreDataProperties.swift in Sources */,
				42EA54D1285FBA8C00C87662 /* RestaurantTableViewCell.swift in Sources */,
				431E184D2862C7C600EABE9A /* ReviewTableViewCell.swift in Sources */,
				431E184A2862C1B400EABE9A /* Users+CoreDataClass.swift in Sources */,
				428364F22854D57B00D057E9 /* SceneDelegate.swift in Sources */,
			);
			runOnlyForDeploymentPostprocessing = 0;
		};
/* End PBXSourcesBuildPhase section */

/* Begin PBXVariantGroup section */
		428364F52854D57B00D057E9 /* Main.storyboard */ = {
			isa = PBXVariantGroup;
			children = (
				428364F62854D57B00D057E9 /* Base */,
			);
			name = Main.storyboard;
			sourceTree = "<group>";
		};
		428364FD2854D57C00D057E9 /* LaunchScreen.storyboard */ = {
			isa = PBXVariantGroup;
			children = (
				428364FE2854D57C00D057E9 /* Base */,
			);
			name = LaunchScreen.storyboard;
			sourceTree = "<group>";
		};
/* End PBXVariantGroup section */

/* Begin XCBuildConfiguration section */
		428365012854D57C00D057E9 /* Debug */ = {
			isa = XCBuildConfiguration;
			buildSettings = {
				ALWAYS_SEARCH_USER_PATHS = NO;
				CLANG_ANALYZER_NONNULL = YES;
				CLANG_ANALYZER_NUMBER_OBJECT_CONVERSION = YES_AGGRESSIVE;
				CLANG_CXX_LANGUAGE_STANDARD = "gnu++17";
				CLANG_ENABLE_MODULES = YES;
				CLANG_ENABLE_OBJC_ARC = YES;
				CLANG_ENABLE_OBJC_WEAK = YES;
				CLANG_WARN_BLOCK_CAPTURE_AUTORELEASING = YES;
				CLANG_WARN_BOOL_CONVERSION = YES;
				CLANG_WARN_COMMA = YES;
				CLANG_WARN_CONSTANT_CONVERSION = YES;
				CLANG_WARN_DEPRECATED_OBJC_IMPLEMENTATIONS = YES;
				CLANG_WARN_DIRECT_OBJC_ISA_USAGE = YES_ERROR;
				CLANG_WARN_DOCUMENTATION_COMMENTS = YES;
				CLANG_WARN_EMPTY_BODY = YES;
				CLANG_WARN_ENUM_CONVERSION = YES;
				CLANG_WARN_INFINITE_RECURSION = YES;
				CLANG_WARN_INT_CONVERSION = YES;
				CLANG_WARN_NON_LITERAL_NULL_CONVERSION = YES;
				CLANG_WARN_OBJC_IMPLICIT_RETAIN_SELF = YES;
				CLANG_WARN_OBJC_LITERAL_CONVERSION = YES;
				CLANG_WARN_OBJC_ROOT_CLASS = YES_ERROR;
				CLANG_WARN_QUOTED_INCLUDE_IN_FRAMEWORK_HEADER = YES;
				CLANG_WARN_RANGE_LOOP_ANALYSIS = YES;
				CLANG_WARN_STRICT_PROTOTYPES = YES;
				CLANG_WARN_SUSPICIOUS_MOVE = YES;
				CLANG_WARN_UNGUARDED_AVAILABILITY = YES_AGGRESSIVE;
				CLANG_WARN_UNREACHABLE_CODE = YES;
				CLANG_WARN__DUPLICATE_METHOD_MATCH = YES;
				COPY_PHASE_STRIP = NO;
				DEBUG_INFORMATION_FORMAT = dwarf;
				ENABLE_STRICT_OBJC_MSGSEND = YES;
				ENABLE_TESTABILITY = YES;
				GCC_C_LANGUAGE_STANDARD = gnu11;
				GCC_DYNAMIC_NO_PIC = NO;
				GCC_NO_COMMON_BLOCKS = YES;
				GCC_OPTIMIZATION_LEVEL = 0;
				GCC_PREPROCESSOR_DEFINITIONS = (
					"DEBUG=1",
					"$(inherited)",
				);
				GCC_WARN_64_TO_32_BIT_CONVERSION = YES;
				GCC_WARN_ABOUT_RETURN_TYPE = YES_ERROR;
				GCC_WARN_UNDECLARED_SELECTOR = YES;
				GCC_WARN_UNINITIALIZED_AUTOS = YES_AGGRESSIVE;
				GCC_WARN_UNUSED_FUNCTION = YES;
				GCC_WARN_UNUSED_VARIABLE = YES;
				IPHONEOS_DEPLOYMENT_TARGET = 15.4;
				MTL_ENABLE_DEBUG_INFO = INCLUDE_SOURCE;
				MTL_FAST_MATH = YES;
				ONLY_ACTIVE_ARCH = YES;
				SDKROOT = iphoneos;
				SWIFT_ACTIVE_COMPILATION_CONDITIONS = DEBUG;
				SWIFT_OPTIMIZATION_LEVEL = "-Onone";
			};
			name = Debug;
		};
		428365022854D57C00D057E9 /* Release */ = {
			isa = XCBuildConfiguration;
			buildSettings = {
				ALWAYS_SEARCH_USER_PATHS = NO;
				CLANG_ANALYZER_NONNULL = YES;
				CLANG_ANALYZER_NUMBER_OBJECT_CONVERSION = YES_AGGRESSIVE;
				CLANG_CXX_LANGUAGE_STANDARD = "gnu++17";
				CLANG_ENABLE_MODULES = YES;
				CLANG_ENABLE_OBJC_ARC = YES;
				CLANG_ENABLE_OBJC_WEAK = YES;
				CLANG_WARN_BLOCK_CAPTURE_AUTORELEASING = YES;
				CLANG_WARN_BOOL_CONVERSION = YES;
				CLANG_WARN_COMMA = YES;
				CLANG_WARN_CONSTANT_CONVERSION = YES;
				CLANG_WARN_DEPRECATED_OBJC_IMPLEMENTATIONS = YES;
				CLANG_WARN_DIRECT_OBJC_ISA_USAGE = YES_ERROR;
				CLANG_WARN_DOCUMENTATION_COMMENTS = YES;
				CLANG_WARN_EMPTY_BODY = YES;
				CLANG_WARN_ENUM_CONVERSION = YES;
				CLANG_WARN_INFINITE_RECURSION = YES;
				CLANG_WARN_INT_CONVERSION = YES;
				CLANG_WARN_NON_LITERAL_NULL_CONVERSION = YES;
				CLANG_WARN_OBJC_IMPLICIT_RETAIN_SELF = YES;
				CLANG_WARN_OBJC_LITERAL_CONVERSION = YES;
				CLANG_WARN_OBJC_ROOT_CLASS = YES_ERROR;
				CLANG_WARN_QUOTED_INCLUDE_IN_FRAMEWORK_HEADER = YES;
				CLANG_WARN_RANGE_LOOP_ANALYSIS = YES;
				CLANG_WARN_STRICT_PROTOTYPES = YES;
				CLANG_WARN_SUSPICIOUS_MOVE = YES;
				CLANG_WARN_UNGUARDED_AVAILABILITY = YES_AGGRESSIVE;
				CLANG_WARN_UNREACHABLE_CODE = YES;
				CLANG_WARN__DUPLICATE_METHOD_MATCH = YES;
				COPY_PHASE_STRIP = NO;
				DEBUG_INFORMATION_FORMAT = "dwarf-with-dsym";
				ENABLE_NS_ASSERTIONS = NO;
				ENABLE_STRICT_OBJC_MSGSEND = YES;
				GCC_C_LANGUAGE_STANDARD = gnu11;
				GCC_NO_COMMON_BLOCKS = YES;
				GCC_WARN_64_TO_32_BIT_CONVERSION = YES;
				GCC_WARN_ABOUT_RETURN_TYPE = YES_ERROR;
				GCC_WARN_UNDECLARED_SELECTOR = YES;
				GCC_WARN_UNINITIALIZED_AUTOS = YES_AGGRESSIVE;
				GCC_WARN_UNUSED_FUNCTION = YES;
				GCC_WARN_UNUSED_VARIABLE = YES;
				IPHONEOS_DEPLOYMENT_TARGET = 15.4;
				MTL_ENABLE_DEBUG_INFO = NO;
				MTL_FAST_MATH = YES;
				SDKROOT = iphoneos;
				SWIFT_COMPILATION_MODE = wholemodule;
				SWIFT_OPTIMIZATION_LEVEL = "-O";
				VALIDATE_PRODUCT = YES;
			};
			name = Release;
		};
		428365042854D57C00D057E9 /* Debug */ = {
			isa = XCBuildConfiguration;
			buildSettings = {
				ASSETCATALOG_COMPILER_APPICON_NAME = AppIcon;
				ASSETCATALOG_COMPILER_GLOBAL_ACCENT_COLOR_NAME = AccentColor;
				CODE_SIGN_STYLE = Automatic;
				CURRENT_PROJECT_VERSION = 1;
				DEVELOPMENT_TEAM = 7PHRUAQA32;
				GENERATE_INFOPLIST_FILE = YES;
				INFOPLIST_FILE = Mini_Challenge_2/Info.plist;
				INFOPLIST_KEY_UIApplicationSupportsIndirectInputEvents = YES;
				INFOPLIST_KEY_UILaunchStoryboardName = LaunchScreen;
				INFOPLIST_KEY_UIMainStoryboardFile = Main;
				INFOPLIST_KEY_UISupportedInterfaceOrientations_iPad = "UIInterfaceOrientationPortrait UIInterfaceOrientationPortraitUpsideDown UIInterfaceOrientationLandscapeLeft UIInterfaceOrientationLandscapeRight";
				INFOPLIST_KEY_UISupportedInterfaceOrientations_iPhone = "UIInterfaceOrientationPortrait UIInterfaceOrientationLandscapeLeft UIInterfaceOrientationLandscapeRight";
				LD_RUNPATH_SEARCH_PATHS = (
					"$(inherited)",
					"@executable_path/Frameworks",
				);
				MARKETING_VERSION = 1.0;
				PRODUCT_BUNDLE_IDENTIFIER = "ada22.Mini-Challenge-2";
				PRODUCT_NAME = "$(TARGET_NAME)";
				SWIFT_EMIT_LOC_STRINGS = YES;
				SWIFT_VERSION = 5.0;
				TARGETED_DEVICE_FAMILY = "1,2";
			};
			name = Debug;
		};
		428365052854D57C00D057E9 /* Release */ = {
			isa = XCBuildConfiguration;
			buildSettings = {
				ASSETCATALOG_COMPILER_APPICON_NAME = AppIcon;
				ASSETCATALOG_COMPILER_GLOBAL_ACCENT_COLOR_NAME = AccentColor;
				CODE_SIGN_STYLE = Automatic;
				CURRENT_PROJECT_VERSION = 1;
				DEVELOPMENT_TEAM = 7PHRUAQA32;
				GENERATE_INFOPLIST_FILE = YES;
				INFOPLIST_FILE = Mini_Challenge_2/Info.plist;
				INFOPLIST_KEY_UIApplicationSupportsIndirectInputEvents = YES;
				INFOPLIST_KEY_UILaunchStoryboardName = LaunchScreen;
				INFOPLIST_KEY_UIMainStoryboardFile = Main;
				INFOPLIST_KEY_UISupportedInterfaceOrientations_iPad = "UIInterfaceOrientationPortrait UIInterfaceOrientationPortraitUpsideDown UIInterfaceOrientationLandscapeLeft UIInterfaceOrientationLandscapeRight";
				INFOPLIST_KEY_UISupportedInterfaceOrientations_iPhone = "UIInterfaceOrientationPortrait UIInterfaceOrientationLandscapeLeft UIInterfaceOrientationLandscapeRight";
				LD_RUNPATH_SEARCH_PATHS = (
					"$(inherited)",
					"@executable_path/Frameworks",
				);
				MARKETING_VERSION = 1.0;
				PRODUCT_BUNDLE_IDENTIFIER = "ada22.Mini-Challenge-2";
				PRODUCT_NAME = "$(TARGET_NAME)";
				SWIFT_EMIT_LOC_STRINGS = YES;
				SWIFT_VERSION = 5.0;
				TARGETED_DEVICE_FAMILY = "1,2";
			};
			name = Release;
		};
/* End XCBuildConfiguration section */

/* Begin XCConfigurationList section */
		428364E72854D57B00D057E9 /* Build configuration list for PBXProject "Mini_Challenge_2" */ = {
			isa = XCConfigurationList;
			buildConfigurations = (
				428365012854D57C00D057E9 /* Debug */,
				428365022854D57C00D057E9 /* Release */,
			);
			defaultConfigurationIsVisible = 0;
			defaultConfigurationName = Release;
		};
		428365032854D57C00D057E9 /* Build configuration list for PBXNativeTarget "Mini_Challenge_2" */ = {
			isa = XCConfigurationList;
			buildConfigurations = (
				428365042854D57C00D057E9 /* Debug */,
				428365052854D57C00D057E9 /* Release */,
			);
			defaultConfigurationIsVisible = 0;
			defaultConfigurationName = Release;
		};
/* End XCConfigurationList section */

/* Begin XCRemoteSwiftPackageReference section */
		4ACFCC652858D92E00BE1E52 /* XCRemoteSwiftPackageReference "CenteredCollectionView" */ = {
			isa = XCRemoteSwiftPackageReference;
			repositoryURL = "https://github.com/BenEmdon/CenteredCollectionView";
			requirement = {
				kind = upToNextMajorVersion;
				minimumVersion = 2.0.0;
			};
		};
/* End XCRemoteSwiftPackageReference section */

/* Begin XCSwiftPackageProductDependency section */
		4ACFCC662858D92E00BE1E52 /* CenteredCollectionView */ = {
			isa = XCSwiftPackageProductDependency;
			package = 4ACFCC652858D92E00BE1E52 /* XCRemoteSwiftPackageReference "CenteredCollectionView" */;
			productName = CenteredCollectionView;
		};
/* End XCSwiftPackageProductDependency section */

/* Begin XCVersionGroup section */
		428364F82854D57B00D057E9 /* Mini_Challenge_2.xcdatamodeld */ = {
			isa = XCVersionGroup;
			children = (
				428364F92854D57B00D057E9 /* Mini_Challenge_2.xcdatamodel */,
			);
			currentVersion = 428364F92854D57B00D057E9 /* Mini_Challenge_2.xcdatamodel */;
			path = Mini_Challenge_2.xcdatamodeld;
			sourceTree = "<group>";
			versionGroupType = wrapper.xcdatamodel;
		};
/* End XCVersionGroup section */
	};
	rootObject = 428364E42854D57B00D057E9 /* Project object */;
}
